
Microsoft Visual Studio Solution File, Format Version 12.00
# Visual Studio Version 17
VisualStudioVersion = 17.1.32228.430
MinimumVisualStudioVersion = 10.0.40219.1
Project("{FAE04EC0-301F-11D3-BF4B-00C04F79EFBC}") = "CadastroProduto-Study", "CadastroProduto-Study.csproj", "{8DCE5A46-09E5-4E2E-9734-314984EAC540}"
EndProject
Global
	GlobalSection(SolutionConfigurationPlatforms) = preSolution
		Debug|Any CPU = Debug|Any CPU
		Release|Any CPU = Release|Any CPU
	EndGlobalSection
	GlobalSection(ProjectConfigurationPlatforms) = postSolution
		{8DCE5A46-09E5-4E2E-9734-314984EAC540}.Debug|Any CPU.ActiveCfg = Debug|Any CPU
		{8DCE5A46-09E5-4E2E-9734-314984EAC540}.Debug|Any CPU.Build.0 = Debug|Any CPU
		{8DCE5A46-09E5-4E2E-9734-314984EAC540}.Release|Any CPU.ActiveCfg = Release|Any CPU
		{8DCE5A46-09E5-4E2E-9734-314984EAC540}.Release|Any CPU.Build.0 = Release|Any CPU
	EndGlobalSection
	GlobalSection(SolutionProperties) = preSolution
		HideSolutionNode = FALSE
	EndGlobalSection
	GlobalSection(ExtensibilityGlobals) = postSolution
		SolutionGuid = {FF1FD450-DA67-43FA-BD45-689BF3A0CA67}
	EndGlobalSection
EndGlobal
